// !$*UTF8*$!
{
	archiveVersion = 1;
	classes = {
	};
	objectVersion = 46;
	objects = {

/* Begin PBXBuildFile section */
		474478A787B2A1EE0853566C /* Pods.framework in Frameworks */ = {isa = PBXBuildFile; fileRef = 15EA9F16B8707D87825B7304 /* Pods.framework */; };
		4A4C5AFF1CA19940008A4907 /* CanvasViewGeneralObject.swift in Sources */ = {isa = PBXBuildFile; fileRef = 4A4C5AFE1CA19940008A4907 /* CanvasViewGeneralObject.swift */; };
		4A4C5B011CA1B9E4008A4907 /* CanvasViewTextBox.swift in Sources */ = {isa = PBXBuildFile; fileRef = 4A4C5B001CA1B9E4008A4907 /* CanvasViewTextBox.swift */; };
		4A4C5B031CA1C119008A4907 /* CanvasViewObject.swift in Sources */ = {isa = PBXBuildFile; fileRef = 4A4C5B021CA1C119008A4907 /* CanvasViewObject.swift */; };
		A856F07D5C655E2EB2870CBF /* Pods_CanvasProject.framework in Frameworks */ = {isa = PBXBuildFile; fileRef = AF4A4B9077D44427B4BC90C1 /* Pods_CanvasProject.framework */; };
		F105254D1C96E61B004EAE1A /* AppDelegate.swift in Sources */ = {isa = PBXBuildFile; fileRef = F105254C1C96E61B004EAE1A /* AppDelegate.swift */; };
		F105254F1C96E61B004EAE1A /* ViewController.swift in Sources */ = {isa = PBXBuildFile; fileRef = F105254E1C96E61B004EAE1A /* ViewController.swift */; };
		F10525521C96E61B004EAE1A /* Main.storyboard in Resources */ = {isa = PBXBuildFile; fileRef = F10525501C96E61B004EAE1A /* Main.storyboard */; };
		F10525541C96E61B004EAE1A /* Assets.xcassets in Resources */ = {isa = PBXBuildFile; fileRef = F10525531C96E61B004EAE1A /* Assets.xcassets */; };
		F10525571C96E61B004EAE1A /* LaunchScreen.storyboard in Resources */ = {isa = PBXBuildFile; fileRef = F10525551C96E61B004EAE1A /* LaunchScreen.storyboard */; };
		F10525621C96E61C004EAE1A /* CanvasProjectTests.swift in Sources */ = {isa = PBXBuildFile; fileRef = F10525611C96E61C004EAE1A /* CanvasProjectTests.swift */; };
		F105256D1C96E61C004EAE1A /* CanvasProjectUITests.swift in Sources */ = {isa = PBXBuildFile; fileRef = F105256C1C96E61C004EAE1A /* CanvasProjectUITests.swift */; };
		F11C92D11C9C59C100483023 /* Project.swift in Sources */ = {isa = PBXBuildFile; fileRef = F11C92D01C9C59C100483023 /* Project.swift */; };
		F13DD4941CA2BDA000020389 /* CanvasObjectPrototypes.swift in Sources */ = {isa = PBXBuildFile; fileRef = F13DD4931CA2BDA000020389 /* CanvasObjectPrototypes.swift */; };
		F13DD4991CA2F92400020389 /* CanvasViewObjectStucts.swift in Sources */ = {isa = PBXBuildFile; fileRef = F13DD4981CA2F92400020389 /* CanvasViewObjectStucts.swift */; };
		F1AB278F1C9F436300A9CE0F /* testserver in Resources */ = {isa = PBXBuildFile; fileRef = F1AB278E1C9F436300A9CE0F /* testserver */; };
		F1AB27911C9FF76100A9CE0F /* ModelTextBox.swift in Sources */ = {isa = PBXBuildFile; fileRef = F1AB27901C9FF76100A9CE0F /* ModelTextBox.swift */; };
		F1AB27931C9FF7A300A9CE0F /* ModelCanvasObject.swift in Sources */ = {isa = PBXBuildFile; fileRef = F1AB27921C9FF7A300A9CE0F /* ModelCanvasObject.swift */; };
		F1E857C01C96F7E600E30EC7 /* Model.swift in Sources */ = {isa = PBXBuildFile; fileRef = F1E857BF1C96F7E600E30EC7 /* Model.swift */; };
/* End PBXBuildFile section */

/* Begin PBXContainerItemProxy section */
		F105255E1C96E61C004EAE1A /* PBXContainerItemProxy */ = {
			isa = PBXContainerItemProxy;
			containerPortal = F10525411C96E61B004EAE1A /* Project object */;
			proxyType = 1;
			remoteGlobalIDString = F10525481C96E61B004EAE1A;
			remoteInfo = CanvasProject;
		};
		F10525691C96E61C004EAE1A /* PBXContainerItemProxy */ = {
			isa = PBXContainerItemProxy;
			containerPortal = F10525411C96E61B004EAE1A /* Project object */;
			proxyType = 1;
			remoteGlobalIDString = F10525481C96E61B004EAE1A;
			remoteInfo = CanvasProject;
		};
/* End PBXContainerItemProxy section */

/* Begin PBXFileReference section */
		15EA9F16B8707D87825B7304 /* Pods.framework */ = {isa = PBXFileReference; explicitFileType = wrapper.framework; includeInIndex = 0; path = Pods.framework; sourceTree = BUILT_PRODUCTS_DIR; };
		16F4AB81E8E9E464F7706160 /* Pods.release.xcconfig */ = {isa = PBXFileReference; includeInIndex = 1; lastKnownFileType = text.xcconfig; name = Pods.release.xcconfig; path = "Pods/Target Support Files/Pods/Pods.release.xcconfig"; sourceTree = "<group>"; };
		4A4C5AFE1CA19940008A4907 /* CanvasViewGeneralObject.swift */ = {isa = PBXFileReference; fileEncoding = 4; lastKnownFileType = sourcecode.swift; name = CanvasViewGeneralObject.swift; path = CanvasViewObjects/CanvasViewGeneralObject.swift; sourceTree = "<group>"; };
		4A4C5B001CA1B9E4008A4907 /* CanvasViewTextBox.swift */ = {isa = PBXFileReference; fileEncoding = 4; lastKnownFileType = sourcecode.swift; name = CanvasViewTextBox.swift; path = CanvasViewObjects/CanvasViewTextBox.swift; sourceTree = "<group>"; };
		4A4C5B021CA1C119008A4907 /* CanvasViewObject.swift */ = {isa = PBXFileReference; fileEncoding = 4; lastKnownFileType = sourcecode.swift; path = CanvasViewObject.swift; sourceTree = "<group>"; };
		7892EC535791938AEE74AFEA /* Pods.debug.xcconfig */ = {isa = PBXFileReference; includeInIndex = 1; lastKnownFileType = text.xcconfig; name = Pods.debug.xcconfig; path = "Pods/Target Support Files/Pods/Pods.debug.xcconfig"; sourceTree = "<group>"; };
		AF4A4B9077D44427B4BC90C1 /* Pods_CanvasProject.framework */ = {isa = PBXFileReference; explicitFileType = wrapper.framework; includeInIndex = 0; path = Pods_CanvasProject.framework; sourceTree = BUILT_PRODUCTS_DIR; };
		F10525491C96E61B004EAE1A /* CanvasProject.app */ = {isa = PBXFileReference; explicitFileType = wrapper.application; includeInIndex = 0; path = CanvasProject.app; sourceTree = BUILT_PRODUCTS_DIR; };
		F105254C1C96E61B004EAE1A /* AppDelegate.swift */ = {isa = PBXFileReference; lastKnownFileType = sourcecode.swift; path = AppDelegate.swift; sourceTree = "<group>"; };
		F105254E1C96E61B004EAE1A /* ViewController.swift */ = {isa = PBXFileReference; lastKnownFileType = sourcecode.swift; path = ViewController.swift; sourceTree = "<group>"; };
		F10525511C96E61B004EAE1A /* Base */ = {isa = PBXFileReference; lastKnownFileType = file.storyboard; name = Base; path = Base.lproj/Main.storyboard; sourceTree = "<group>"; };
		F10525531C96E61B004EAE1A /* Assets.xcassets */ = {isa = PBXFileReference; lastKnownFileType = folder.assetcatalog; path = Assets.xcassets; sourceTree = "<group>"; };
		F10525561C96E61B004EAE1A /* Base */ = {isa = PBXFileReference; lastKnownFileType = file.storyboard; name = Base; path = Base.lproj/LaunchScreen.storyboard; sourceTree = "<group>"; };
		F10525581C96E61B004EAE1A /* Info.plist */ = {isa = PBXFileReference; lastKnownFileType = text.plist.xml; path = Info.plist; sourceTree = "<group>"; };
		F105255D1C96E61C004EAE1A /* CanvasProjectTests.xctest */ = {isa = PBXFileReference; explicitFileType = wrapper.cfbundle; includeInIndex = 0; path = CanvasProjectTests.xctest; sourceTree = BUILT_PRODUCTS_DIR; };
		F10525611C96E61C004EAE1A /* CanvasProjectTests.swift */ = {isa = PBXFileReference; lastKnownFileType = sourcecode.swift; path = CanvasProjectTests.swift; sourceTree = "<group>"; };
		F10525631C96E61C004EAE1A /* Info.plist */ = {isa = PBXFileReference; lastKnownFileType = text.plist.xml; path = Info.plist; sourceTree = "<group>"; };
		F10525681C96E61C004EAE1A /* CanvasProjectUITests.xctest */ = {isa = PBXFileReference; explicitFileType = wrapper.cfbundle; includeInIndex = 0; path = CanvasProjectUITests.xctest; sourceTree = BUILT_PRODUCTS_DIR; };
		F105256C1C96E61C004EAE1A /* CanvasProjectUITests.swift */ = {isa = PBXFileReference; lastKnownFileType = sourcecode.swift; path = CanvasProjectUITests.swift; sourceTree = "<group>"; };
		F105256E1C96E61C004EAE1A /* Info.plist */ = {isa = PBXFileReference; lastKnownFileType = text.plist.xml; path = Info.plist; sourceTree = "<group>"; };
		F11C92D01C9C59C100483023 /* Project.swift */ = {isa = PBXFileReference; fileEncoding = 4; lastKnownFileType = sourcecode.swift; path = Project.swift; sourceTree = "<group>"; };
		F13DD4931CA2BDA000020389 /* CanvasObjectPrototypes.swift */ = {isa = PBXFileReference; fileEncoding = 4; lastKnownFileType = sourcecode.swift; path = CanvasObjectPrototypes.swift; sourceTree = "<group>"; };
		F13DD4981CA2F92400020389 /* CanvasViewObjectStucts.swift */ = {isa = PBXFileReference; fileEncoding = 4; lastKnownFileType = sourcecode.swift; path = CanvasViewObjectStucts.swift; sourceTree = "<group>"; };
		F1AB278E1C9F436300A9CE0F /* testserver */ = {isa = PBXFileReference; lastKnownFileType = folder; path = testserver; sourceTree = "<group>"; };
		F1AB27901C9FF76100A9CE0F /* ModelTextBox.swift */ = {isa = PBXFileReference; fileEncoding = 4; lastKnownFileType = sourcecode.swift; path = ModelTextBox.swift; sourceTree = "<group>"; };
		F1AB27921C9FF7A300A9CE0F /* ModelCanvasObject.swift */ = {isa = PBXFileReference; fileEncoding = 4; lastKnownFileType = sourcecode.swift; path = ModelCanvasObject.swift; sourceTree = "<group>"; };
		F1E857BF1C96F7E600E30EC7 /* Model.swift */ = {isa = PBXFileReference; fileEncoding = 4; lastKnownFileType = sourcecode.swift; path = Model.swift; sourceTree = "<group>"; };
/* End PBXFileReference section */

/* Begin PBXFrameworksBuildPhase section */
		F10525461C96E61B004EAE1A /* Frameworks */ = {
			isa = PBXFrameworksBuildPhase;
			buildActionMask = 2147483647;
			files = (
				474478A787B2A1EE0853566C /* Pods.framework in Frameworks */,
				A856F07D5C655E2EB2870CBF /* Pods_CanvasProject.framework in Frameworks */,
			);
			runOnlyForDeploymentPostprocessing = 0;
		};
		F105255A1C96E61C004EAE1A /* Frameworks */ = {
			isa = PBXFrameworksBuildPhase;
			buildActionMask = 2147483647;
			files = (
			);
			runOnlyForDeploymentPostprocessing = 0;
		};
		F10525651C96E61C004EAE1A /* Frameworks */ = {
			isa = PBXFrameworksBuildPhase;
			buildActionMask = 2147483647;
			files = (
			);
			runOnlyForDeploymentPostprocessing = 0;
		};
/* End PBXFrameworksBuildPhase section */

/* Begin PBXGroup section */
		2A2243F0E7A22C26243332C8 /* Frameworks */ = {
			isa = PBXGroup;
			children = (
				F1AB278E1C9F436300A9CE0F /* testserver */,
				15EA9F16B8707D87825B7304 /* Pods.framework */,
				AF4A4B9077D44427B4BC90C1 /* Pods_CanvasProject.framework */,
			);
			name = Frameworks;
			sourceTree = "<group>";
		};
		B36A2208ADB620D3E30E60DC /* Pods */ = {
			isa = PBXGroup;
			children = (
				7892EC535791938AEE74AFEA /* Pods.debug.xcconfig */,
				16F4AB81E8E9E464F7706160 /* Pods.release.xcconfig */,
			);
			name = Pods;
			sourceTree = "<group>";
		};
		F10525401C96E61B004EAE1A = {
			isa = PBXGroup;
			children = (
				F105254B1C96E61B004EAE1A /* CanvasProject */,
				F10525601C96E61C004EAE1A /* CanvasProjectTests */,
				F105256B1C96E61C004EAE1A /* CanvasProjectUITests */,
				F105254A1C96E61B004EAE1A /* Products */,
				B36A2208ADB620D3E30E60DC /* Pods */,
				2A2243F0E7A22C26243332C8 /* Frameworks */,
			);
			sourceTree = "<group>";
		};
		F105254A1C96E61B004EAE1A /* Products */ = {
			isa = PBXGroup;
			children = (
				F10525491C96E61B004EAE1A /* CanvasProject.app */,
				F105255D1C96E61C004EAE1A /* CanvasProjectTests.xctest */,
				F10525681C96E61C004EAE1A /* CanvasProjectUITests.xctest */,
			);
			name = Products;
			sourceTree = "<group>";
		};
		F105254B1C96E61B004EAE1A /* CanvasProject */ = {
			isa = PBXGroup;
			children = (
				F13DD4951CA2E46F00020389 /* Model */,
				F13DD4961CA2E50400020389 /* Controllers */,
				F13DD4971CA2E50B00020389 /* Views */,
				F10525531C96E61B004EAE1A /* Assets.xcassets */,
				F10525551C96E61B004EAE1A /* LaunchScreen.storyboard */,
				F10525581C96E61B004EAE1A /* Info.plist */,
				4A4C5AFE1CA19940008A4907 /* CanvasViewGeneralObject.swift */,
			);
			path = CanvasProject;
			sourceTree = "<group>";
		};
		F10525601C96E61C004EAE1A /* CanvasProjectTests */ = {
			isa = PBXGroup;
			children = (
				F10525611C96E61C004EAE1A /* CanvasProjectTests.swift */,
				F10525631C96E61C004EAE1A /* Info.plist */,
			);
			path = CanvasProjectTests;
			sourceTree = "<group>";
		};
		F105256B1C96E61C004EAE1A /* CanvasProjectUITests */ = {
			isa = PBXGroup;
			children = (
				F105256C1C96E61C004EAE1A /* CanvasProjectUITests.swift */,
				F105256E1C96E61C004EAE1A /* Info.plist */,
			);
			path = CanvasProjectUITests;
			sourceTree = "<group>";
		};
		F13DD4951CA2E46F00020389 /* Model */ = {
			isa = PBXGroup;
			children = (
				F105254C1C96E61B004EAE1A /* AppDelegate.swift */,
				F1E857BF1C96F7E600E30EC7 /* Model.swift */,
				F11C92D01C9C59C100483023 /* Project.swift */,
				F13DD4931CA2BDA000020389 /* CanvasObjectPrototypes.swift */,
				F1AB27921C9FF7A300A9CE0F /* ModelCanvasObject.swift */,
				F1AB27901C9FF76100A9CE0F /* ModelTextBox.swift */,
			);
			name = Model;
			sourceTree = "<group>";
		};
		F13DD4961CA2E50400020389 /* Controllers */ = {
			isa = PBXGroup;
			children = (
				F105254E1C96E61B004EAE1A /* ViewController.swift */,
				4A4C5B001CA1B9E4008A4907 /* CanvasViewTextBox.swift */,
				4A4C5B021CA1C119008A4907 /* CanvasViewObject.swift */,
				F13DD4981CA2F92400020389 /* CanvasViewObjectStucts.swift */,
			);
			name = Controllers;
			sourceTree = "<group>";
		};
		F13DD4971CA2E50B00020389 /* Views */ = {
			isa = PBXGroup;
			children = (
				F10525501C96E61B004EAE1A /* Main.storyboard */,
			);
			name = Views;
			sourceTree = "<group>";
		};
/* End PBXGroup section */

/* Begin PBXNativeTarget section */
		F10525481C96E61B004EAE1A /* CanvasProject */ = {
			isa = PBXNativeTarget;
			buildConfigurationList = F10525711C96E61C004EAE1A /* Build configuration list for PBXNativeTarget "CanvasProject" */;
			buildPhases = (
				70FA84C8B3FAC2C903FCBF6C /* Check Pods Manifest.lock */,
				F10525451C96E61B004EAE1A /* Sources */,
				F10525461C96E61B004EAE1A /* Frameworks */,
				F10525471C96E61B004EAE1A /* Resources */,
				3B2796707E3CFD57889B5D36 /* Embed Pods Frameworks */,
				190D7AE2BBC40901D4A69912 /* Copy Pods Resources */,
			);
			buildRules = (
			);
			dependencies = (
			);
			name = CanvasProject;
			productName = CanvasProject;
			productReference = F10525491C96E61B004EAE1A /* CanvasProject.app */;
			productType = "com.apple.product-type.application";
		};
		F105255C1C96E61C004EAE1A /* CanvasProjectTests */ = {
			isa = PBXNativeTarget;
			buildConfigurationList = F10525741C96E61C004EAE1A /* Build configuration list for PBXNativeTarget "CanvasProjectTests" */;
			buildPhases = (
				F10525591C96E61C004EAE1A /* Sources */,
				F105255A1C96E61C004EAE1A /* Frameworks */,
				F105255B1C96E61C004EAE1A /* Resources */,
			);
			buildRules = (
			);
			dependencies = (
				F105255F1C96E61C004EAE1A /* PBXTargetDependency */,
			);
			name = CanvasProjectTests;
			productName = CanvasProjectTests;
			productReference = F105255D1C96E61C004EAE1A /* CanvasProjectTests.xctest */;
			productType = "com.apple.product-type.bundle.unit-test";
		};
		F10525671C96E61C004EAE1A /* CanvasProjectUITests */ = {
			isa = PBXNativeTarget;
			buildConfigurationList = F10525771C96E61C004EAE1A /* Build configuration list for PBXNativeTarget "CanvasProjectUITests" */;
			buildPhases = (
				F10525641C96E61C004EAE1A /* Sources */,
				F10525651C96E61C004EAE1A /* Frameworks */,
				F10525661C96E61C004EAE1A /* Resources */,
			);
			buildRules = (
			);
			dependencies = (
				F105256A1C96E61C004EAE1A /* PBXTargetDependency */,
			);
			name = CanvasProjectUITests;
			productName = CanvasProjectUITests;
			productReference = F10525681C96E61C004EAE1A /* CanvasProjectUITests.xctest */;
			productType = "com.apple.product-type.bundle.ui-testing";
		};
/* End PBXNativeTarget section */

/* Begin PBXProject section */
		F10525411C96E61B004EAE1A /* Project object */ = {
			isa = PBXProject;
			attributes = {
				LastSwiftUpdateCheck = 0710;
				LastUpgradeCheck = 0710;
				ORGANIZATIONNAME = KTH;
				TargetAttributes = {
					F10525481C96E61B004EAE1A = {
						CreatedOnToolsVersion = 7.1.1;
						DevelopmentTeam = TV6829DVA9;
					};
					F105255C1C96E61C004EAE1A = {
						CreatedOnToolsVersion = 7.1.1;
						TestTargetID = F10525481C96E61B004EAE1A;
					};
					F10525671C96E61C004EAE1A = {
						CreatedOnToolsVersion = 7.1.1;
						TestTargetID = F10525481C96E61B004EAE1A;
					};
				};
			};
			buildConfigurationList = F10525441C96E61B004EAE1A /* Build configuration list for PBXProject "CanvasProject" */;
			compatibilityVersion = "Xcode 3.2";
			developmentRegion = English;
			hasScannedForEncodings = 0;
			knownRegions = (
				en,
				Base,
			);
			mainGroup = F10525401C96E61B004EAE1A;
			productRefGroup = F105254A1C96E61B004EAE1A /* Products */;
			projectDirPath = "";
			projectRoot = "";
			targets = (
				F10525481C96E61B004EAE1A /* CanvasProject */,
				F105255C1C96E61C004EAE1A /* CanvasProjectTests */,
				F10525671C96E61C004EAE1A /* CanvasProjectUITests */,
			);
		};
/* End PBXProject section */

/* Begin PBXResourcesBuildPhase section */
		F10525471C96E61B004EAE1A /* Resources */ = {
			isa = PBXResourcesBuildPhase;
			buildActionMask = 2147483647;
			files = (
				F10525571C96E61B004EAE1A /* LaunchScreen.storyboard in Resources */,
				F1AB278F1C9F436300A9CE0F /* testserver in Resources */,
				F10525541C96E61B004EAE1A /* Assets.xcassets in Resources */,
				F10525521C96E61B004EAE1A /* Main.storyboard in Resources */,
			);
			runOnlyForDeploymentPostprocessing = 0;
		};
		F105255B1C96E61C004EAE1A /* Resources */ = {
			isa = PBXResourcesBuildPhase;
			buildActionMask = 2147483647;
			files = (
			);
			runOnlyForDeploymentPostprocessing = 0;
		};
		F10525661C96E61C004EAE1A /* Resources */ = {
			isa = PBXResourcesBuildPhase;
			buildActionMask = 2147483647;
			files = (
			);
			runOnlyForDeploymentPostprocessing = 0;
		};
/* End PBXResourcesBuildPhase section */

/* Begin PBXShellScriptBuildPhase section */
		190D7AE2BBC40901D4A69912 /* Copy Pods Resources */ = {
			isa = PBXShellScriptBuildPhase;
			buildActionMask = 2147483647;
			files = (
			);
			inputPaths = (
			);
			name = "Copy Pods Resources";
			outputPaths = (
			);
			runOnlyForDeploymentPostprocessing = 0;
			shellPath = /bin/sh;
			shellScript = "\"${SRCROOT}/Pods/Target Support Files/Pods-CanvasProject/Pods-CanvasProject-resources.sh\"\n";
			showEnvVarsInLog = 0;
		};
		3B2796707E3CFD57889B5D36 /* Embed Pods Frameworks */ = {
			isa = PBXShellScriptBuildPhase;
			buildActionMask = 2147483647;
			files = (
			);
			inputPaths = (
			);
			name = "Embed Pods Frameworks";
			outputPaths = (
			);
			runOnlyForDeploymentPostprocessing = 0;
			shellPath = /bin/sh;
			shellScript = "\"${SRCROOT}/Pods/Target Support Files/Pods-CanvasProject/Pods-CanvasProject-frameworks.sh\"\n";
			showEnvVarsInLog = 0;
		};
		70FA84C8B3FAC2C903FCBF6C /* Check Pods Manifest.lock */ = {
			isa = PBXShellScriptBuildPhase;
			buildActionMask = 2147483647;
			files = (
			);
			inputPaths = (
			);
			name = "Check Pods Manifest.lock";
			outputPaths = (
			);
			runOnlyForDeploymentPostprocessing = 0;
			shellPath = /bin/sh;
			shellScript = "diff \"${PODS_ROOT}/../Podfile.lock\" \"${PODS_ROOT}/Manifest.lock\" > /dev/null\nif [[ $? != 0 ]] ; then\n    cat << EOM\nerror: The sandbox is not in sync with the Podfile.lock. Run 'pod install' or update your CocoaPods installation.\nEOM\n    exit 1\nfi\n";
			showEnvVarsInLog = 0;
		};
/* End PBXShellScriptBuildPhase section */

/* Begin PBXSourcesBuildPhase section */
		F10525451C96E61B004EAE1A /* Sources */ = {
			isa = PBXSourcesBuildPhase;
			buildActionMask = 2147483647;
			files = (
				F1AB27931C9FF7A300A9CE0F /* ModelCanvasObject.swift in Sources */,
				F105254F1C96E61B004EAE1A /* ViewController.swift in Sources */,
				F1E857C01C96F7E600E30EC7 /* Model.swift in Sources */,
				F105254D1C96E61B004EAE1A /* AppDelegate.swift in Sources */,
				4A4C5AFF1CA19940008A4907 /* CanvasViewGeneralObject.swift in Sources */,
				4A4C5B031CA1C119008A4907 /* CanvasViewObject.swift in Sources */,
				F1AB27911C9FF76100A9CE0F /* ModelTextBox.swift in Sources */,
				F11C92D11C9C59C100483023 /* Project.swift in Sources */,
				4A4C5B011CA1B9E4008A4907 /* CanvasViewTextBox.swift in Sources */,
				F13DD4941CA2BDA000020389 /* CanvasObjectPrototypes.swift in Sources */,
				F13DD4991CA2F92400020389 /* CanvasViewObjectStucts.swift in Sources */,
			);
			runOnlyForDeploymentPostprocessing = 0;
		};
		F10525591C96E61C004EAE1A /* Sources */ = {
			isa = PBXSourcesBuildPhase;
			buildActionMask = 2147483647;
			files = (
				F10525621C96E61C004EAE1A /* CanvasProjectTests.swift in Sources */,
			);
			runOnlyForDeploymentPostprocessing = 0;
		};
		F10525641C96E61C004EAE1A /* Sources */ = {
			isa = PBXSourcesBuildPhase;
			buildActionMask = 2147483647;
			files = (
				F105256D1C96E61C004EAE1A /* CanvasProjectUITests.swift in Sources */,
			);
			runOnlyForDeploymentPostprocessing = 0;
		};
/* End PBXSourcesBuildPhase section */

/* Begin PBXTargetDependency section */
		F105255F1C96E61C004EAE1A /* PBXTargetDependency */ = {
			isa = PBXTargetDependency;
			target = F10525481C96E61B004EAE1A /* CanvasProject */;
			targetProxy = F105255E1C96E61C004EAE1A /* PBXContainerItemProxy */;
		};
		F105256A1C96E61C004EAE1A /* PBXTargetDependency */ = {
			isa = PBXTargetDependency;
			target = F10525481C96E61B004EAE1A /* CanvasProject */;
			targetProxy = F10525691C96E61C004EAE1A /* PBXContainerItemProxy */;
		};
/* End PBXTargetDependency section */

/* Begin PBXVariantGroup section */
		F10525501C96E61B004EAE1A /* Main.storyboard */ = {
			isa = PBXVariantGroup;
			children = (
				F10525511C96E61B004EAE1A /* Base */,
			);
			name = Main.storyboard;
			sourceTree = "<group>";
		};
		F10525551C96E61B004EAE1A /* LaunchScreen.storyboard */ = {
			isa = PBXVariantGroup;
			children = (
				F10525561C96E61B004EAE1A /* Base */,
			);
			name = LaunchScreen.storyboard;
			sourceTree = "<group>";
		};
/* End PBXVariantGroup section */

/* Begin XCBuildConfiguration section */
		F105256F1C96E61C004EAE1A /* Debug */ = {
			isa = XCBuildConfiguration;
			buildSettings = {
				ALWAYS_SEARCH_USER_PATHS = NO;
				CLANG_CXX_LANGUAGE_STANDARD = "gnu++0x";
				CLANG_CXX_LIBRARY = "libc++";
				CLANG_ENABLE_MODULES = YES;
				CLANG_ENABLE_OBJC_ARC = YES;
				CLANG_WARN_BOOL_CONVERSION = YES;
				CLANG_WARN_CONSTANT_CONVERSION = YES;
				CLANG_WARN_DIRECT_OBJC_ISA_USAGE = YES_ERROR;
				CLANG_WARN_EMPTY_BODY = YES;
				CLANG_WARN_ENUM_CONVERSION = YES;
				CLANG_WARN_INT_CONVERSION = YES;
				CLANG_WARN_OBJC_ROOT_CLASS = YES_ERROR;
				CLANG_WARN_UNREACHABLE_CODE = YES;
				CLANG_WARN__DUPLICATE_METHOD_MATCH = YES;
				"CODE_SIGN_IDENTITY[sdk=iphoneos*]" = "iPhone Developer";
				COPY_PHASE_STRIP = NO;
				DEBUG_INFORMATION_FORMAT = dwarf;
				ENABLE_STRICT_OBJC_MSGSEND = YES;
				ENABLE_TESTABILITY = YES;
				GCC_C_LANGUAGE_STANDARD = gnu99;
				GCC_DYNAMIC_NO_PIC = NO;
				GCC_NO_COMMON_BLOCKS = YES;
				GCC_OPTIMIZATION_LEVEL = 0;
				GCC_PREPROCESSOR_DEFINITIONS = (
					"DEBUG=1",
					"$(inherited)",
				);
				GCC_WARN_64_TO_32_BIT_CONVERSION = YES;
				GCC_WARN_ABOUT_RETURN_TYPE = YES_ERROR;
				GCC_WARN_UNDECLARED_SELECTOR = YES;
				GCC_WARN_UNINITIALIZED_AUTOS = YES_AGGRESSIVE;
				GCC_WARN_UNUSED_FUNCTION = YES;
				GCC_WARN_UNUSED_VARIABLE = YES;
				IPHONEOS_DEPLOYMENT_TARGET = 9.1;
				MTL_ENABLE_DEBUG_INFO = YES;
				ONLY_ACTIVE_ARCH = YES;
				SDKROOT = iphoneos;
				SWIFT_OPTIMIZATION_LEVEL = "-Onone";
				TARGETED_DEVICE_FAMILY = "1,2";
			};
			name = Debug;
		};
		F10525701C96E61C004EAE1A /* Release */ = {
			isa = XCBuildConfiguration;
			buildSettings = {
				ALWAYS_SEARCH_USER_PATHS = NO;
				CLANG_CXX_LANGUAGE_STANDARD = "gnu++0x";
				CLANG_CXX_LIBRARY = "libc++";
				CLANG_ENABLE_MODULES = YES;
				CLANG_ENABLE_OBJC_ARC = YES;
				CLANG_WARN_BOOL_CONVERSION = YES;
				CLANG_WARN_CONSTANT_CONVERSION = YES;
				CLANG_WARN_DIRECT_OBJC_ISA_USAGE = YES_ERROR;
				CLANG_WARN_EMPTY_BODY = YES;
				CLANG_WARN_ENUM_CONVERSION = YES;
				CLANG_WARN_INT_CONVERSION = YES;
				CLANG_WARN_OBJC_ROOT_CLASS = YES_ERROR;
				CLANG_WARN_UNREACHABLE_CODE = YES;
				CLANG_WARN__DUPLICATE_METHOD_MATCH = YES;
				"CODE_SIGN_IDENTITY[sdk=iphoneos*]" = "iPhone Developer";
				COPY_PHASE_STRIP = NO;
				DEBUG_INFORMATION_FORMAT = "dwarf-with-dsym";
				ENABLE_NS_ASSERTIONS = NO;
				ENABLE_STRICT_OBJC_MSGSEND = YES;
				GCC_C_LANGUAGE_STANDARD = gnu99;
				GCC_NO_COMMON_BLOCKS = YES;
				GCC_WARN_64_TO_32_BIT_CONVERSION = YES;
				GCC_WARN_ABOUT_RETURN_TYPE = YES_ERROR;
				GCC_WARN_UNDECLARED_SELECTOR = YES;
				GCC_WARN_UNINITIALIZED_AUTOS = YES_AGGRESSIVE;
				GCC_WARN_UNUSED_FUNCTION = YES;
				GCC_WARN_UNUSED_VARIABLE = YES;
				IPHONEOS_DEPLOYMENT_TARGET = 9.1;
				MTL_ENABLE_DEBUG_INFO = NO;
				SDKROOT = iphoneos;
				TARGETED_DEVICE_FAMILY = "1,2";
				VALIDATE_PRODUCT = YES;
			};
			name = Release;
		};
		F10525721C96E61C004EAE1A /* Debug */ = {
			isa = XCBuildConfiguration;
			baseConfigurationReference = 7892EC535791938AEE74AFEA /* Pods.debug.xcconfig */;
			buildSettings = {
				ASSETCATALOG_COMPILER_APPICON_NAME = AppIcon;
				CODE_SIGN_IDENTITY = "iPhone Developer";
				"CODE_SIGN_IDENTITY[sdk=iphoneos*]" = "iPhone Developer";
				INFOPLIST_FILE = CanvasProject/Info.plist;
				LD_RUNPATH_SEARCH_PATHS = "$(inherited) @executable_path/Frameworks";
				PRODUCT_BUNDLE_IDENTIFIER = org.berggrenstenson.CanvasProject1;
				PRODUCT_NAME = "$(TARGET_NAME)";
				PROVISIONING_PROFILE = "";
				TARGETED_DEVICE_FAMILY = "1,2";
			};
			name = Debug;
		};
		F10525731C96E61C004EAE1A /* Release */ = {
			isa = XCBuildConfiguration;
			baseConfigurationReference = 16F4AB81E8E9E464F7706160 /* Pods.release.xcconfig */;
			buildSettings = {
				ASSETCATALOG_COMPILER_APPICON_NAME = AppIcon;
				CODE_SIGN_IDENTITY = "iPhone Developer";
				"CODE_SIGN_IDENTITY[sdk=iphoneos*]" = "iPhone Developer";
				INFOPLIST_FILE = CanvasProject/Info.plist;
				LD_RUNPATH_SEARCH_PATHS = "$(inherited) @executable_path/Frameworks";
				PRODUCT_BUNDLE_IDENTIFIER = org.berggrenstenson.CanvasProject1;
				PRODUCT_NAME = "$(TARGET_NAME)";
				PROVISIONING_PROFILE = "";
				TARGETED_DEVICE_FAMILY = "1,2";
			};
			name = Release;
		};
		F10525751C96E61C004EAE1A /* Debug */ = {
			isa = XCBuildConfiguration;
			buildSettings = {
				BUNDLE_LOADER = "$(TEST_HOST)";
				INFOPLIST_FILE = CanvasProjectTests/Info.plist;
				LD_RUNPATH_SEARCH_PATHS = "$(inherited) @executable_path/Frameworks @loader_path/Frameworks";
				PRODUCT_BUNDLE_IDENTIFIER = org.berggrenstenson.CanvasProjectTests;
				PRODUCT_NAME = "$(TARGET_NAME)";
				TEST_HOST = "$(BUILT_PRODUCTS_DIR)/CanvasProject.app/CanvasProject";
			};
			name = Debug;
		};
		F10525761C96E61C004EAE1A /* Release */ = {
			isa = XCBuildConfiguration;
			buildSettings = {
				BUNDLE_LOADER = "$(TEST_HOST)";
				INFOPLIST_FILE = CanvasProjectTests/Info.plist;
				LD_RUNPATH_SEARCH_PATHS = "$(inherited) @executable_path/Frameworks @loader_path/Frameworks";
				PRODUCT_BUNDLE_IDENTIFIER = org.berggrenstenson.CanvasProjectTests;
				PRODUCT_NAME = "$(TARGET_NAME)";
				TEST_HOST = "$(BUILT_PRODUCTS_DIR)/CanvasProject.app/CanvasProject";
			};
			name = Release;
		};
		F10525781C96E61C004EAE1A /* Debug */ = {
			isa = XCBuildConfiguration;
			buildSettings = {
				INFOPLIST_FILE = CanvasProjectUITests/Info.plist;
				LD_RUNPATH_SEARCH_PATHS = "$(inherited) @executable_path/Frameworks @loader_path/Frameworks";
				PRODUCT_BUNDLE_IDENTIFIER = org.berggrenstenson.CanvasProjectUITests;
				PRODUCT_NAME = "$(TARGET_NAME)";
				TEST_TARGET_NAME = CanvasProject;
				USES_XCTRUNNER = YES;
			};
			name = Debug;
		};
		F10525791C96E61C004EAE1A /* Release */ = {
			isa = XCBuildConfiguration;
			buildSettings = {
				INFOPLIST_FILE = CanvasProjectUITests/Info.plist;
				LD_RUNPATH_SEARCH_PATHS = "$(inherited) @executable_path/Frameworks @loader_path/Frameworks";
				PRODUCT_BUNDLE_IDENTIFIER = org.berggrenstenson.CanvasProjectUITests;
				PRODUCT_NAME = "$(TARGET_NAME)";
				TEST_TARGET_NAME = CanvasProject;
				USES_XCTRUNNER = YES;
			};
			name = Release;
		};
/* End XCBuildConfiguration section */

/* Begin XCConfigurationList section */
		F10525441C96E61B004EAE1A /* Build configuration list for PBXProject "CanvasProject" */ = {
			isa = XCConfigurationList;
			buildConfigurations = (
				F105256F1C96E61C004EAE1A /* Debug */,
				F10525701C96E61C004EAE1A /* Release */,
			);
			defaultConfigurationIsVisible = 0;
			defaultConfigurationName = Release;
		};
		F10525711C96E61C004EAE1A /* Build configuration list for PBXNativeTarget "CanvasProject" */ = {
			isa = XCConfigurationList;
			buildConfigurations = (
				F10525721C96E61C004EAE1A /* Debug */,
				F10525731C96E61C004EAE1A /* Release */,
			);
			defaultConfigurationIsVisible = 0;
			defaultConfigurationName = Release;
		};
		F10525741C96E61C004EAE1A /* Build configuration list for PBXNativeTarget "CanvasProjectTests" */ = {
			isa = XCConfigurationList;
			buildConfigurations = (
				F10525751C96E61C004EAE1A /* Debug */,
				F10525761C96E61C004EAE1A /* Release */,
			);
			defaultConfigurationIsVisible = 0;
			defaultConfigurationName = Release;
		};
		F10525771C96E61C004EAE1A /* Build configuration list for PBXNativeTarget "CanvasProjectUITests" */ = {
			isa = XCConfigurationList;
			buildConfigurations = (
				F10525781C96E61C004EAE1A /* Debug */,
				F10525791C96E61C004EAE1A /* Release */,
			);
			defaultConfigurationIsVisible = 0;
			defaultConfigurationName = Release;
		};
/* End XCConfigurationList section */
	};
	rootObject = F10525411C96E61B004EAE1A /* Project object */;
}
